
Microsoft Visual Studio Solution File, Format Version 12.00
# Visual Studio 15
VisualStudioVersion = 15.0.28307.489
MinimumVisualStudioVersion = 10.0.40219.1
Project("{888888A0-9F3D-457C-B088-3A5042F75D52}") = "gpsParser", "gpsParser\gpsParser.pyproj", "{3E5648D2-E7B8-43AF-8465-F363A1E11C6D}"
EndProject
Global
	GlobalSection(SolutionConfigurationPlatforms) = preSolution
		Debug|Any CPU = Debug|Any CPU
		Release|Any CPU = Release|Any CPU
	EndGlobalSection
	GlobalSection(ProjectConfigurationPlatforms) = postSolution
		{3E5648D2-E7B8-43AF-8465-F363A1E11C6D}.Debug|Any CPU.ActiveCfg = Debug|Any CPU
		{3E5648D2-E7B8-43AF-8465-F363A1E11C6D}.Release|Any CPU.ActiveCfg = Release|Any CPU
	EndGlobalSection
	GlobalSection(SolutionProperties) = preSolution
		HideSolutionNode = FALSE
	EndGlobalSection
	GlobalSection(ExtensibilityGlobals) = postSolution
		SolutionGuid = {49D6D332-A725-4C09-BCA0-7CA3C2B259E4}
	EndGlobalSection
EndGlobal
